
Microsoft Visual Studio Solution File, Format Version 12.00
# Visual Studio Version 16
VisualStudioVersion = 16.0.31515.178
MinimumVisualStudioVersion = 10.0.40219.1
Project("{FAE04EC0-301F-11D3-BF4B-00C04F79EFBC}") = "Lista-02-logica", "Lista-02-logica.csproj", "{064EA791-BD37-45D7-9A52-3B6CF07B18E6}"
EndProject
Global
	GlobalSection(SolutionConfigurationPlatforms) = preSolution
		Debug|Any CPU = Debug|Any CPU
		Release|Any CPU = Release|Any CPU
	EndGlobalSection
	GlobalSection(ProjectConfigurationPlatforms) = postSolution
		{064EA791-BD37-45D7-9A52-3B6CF07B18E6}.Debug|Any CPU.ActiveCfg = Debug|Any CPU
		{064EA791-BD37-45D7-9A52-3B6CF07B18E6}.Debug|Any CPU.Build.0 = Debug|Any CPU
		{064EA791-BD37-45D7-9A52-3B6CF07B18E6}.Release|Any CPU.ActiveCfg = Release|Any CPU
		{064EA791-BD37-45D7-9A52-3B6CF07B18E6}.Release|Any CPU.Build.0 = Release|Any CPU
	EndGlobalSection
	GlobalSection(SolutionProperties) = preSolution
		HideSolutionNode = FALSE
	EndGlobalSection
	GlobalSection(ExtensibilityGlobals) = postSolution
		SolutionGuid = {964231C4-9F9C-4A01-A700-DAF0844A774E}
	EndGlobalSection
EndGlobal
